// !$*UTF8*$!
{
	archiveVersion = 1;
	classes = {
	};
	objectVersion = 50;
	objects = {

/* Begin PBXBuildFile section */
		A3CDB1BE21C05B2A009D7994 /* AppDelegate.swift in Sources */ = {isa = PBXBuildFile; fileRef = A3CDB1BD21C05B2A009D7994 /* AppDelegate.swift */; };
		A3CDB1C021C05B2A009D7994 /* ViewController.swift in Sources */ = {isa = PBXBuildFile; fileRef = A3CDB1BF21C05B2A009D7994 /* ViewController.swift */; };
		A3CDB1C321C05B2A009D7994 /* Main.storyboard in Resources */ = {isa = PBXBuildFile; fileRef = A3CDB1C121C05B2A009D7994 /* Main.storyboard */; };
		A3CDB1C521C05B2B009D7994 /* Assets.xcassets in Resources */ = {isa = PBXBuildFile; fileRef = A3CDB1C421C05B2B009D7994 /* Assets.xcassets */; };
		A3CDB1C821C05B2B009D7994 /* LaunchScreen.storyboard in Resources */ = {isa = PBXBuildFile; fileRef = A3CDB1C621C05B2B009D7994 /* LaunchScreen.storyboard */; };
		A3CDB1DE21C05B78009D7994 /* Scene.swift in Sources */ = {isa = PBXBuildFile; fileRef = A3CDB1D221C05B78009D7994 /* Scene.swift */; };
		A3CDB1DF21C05B78009D7994 /* Engine.swift in Sources */ = {isa = PBXBuildFile; fileRef = A3CDB1D321C05B78009D7994 /* Engine.swift */; };
		A3CDB1E021C05B78009D7994 /* FrameAdvancer.swift in Sources */ = {isa = PBXBuildFile; fileRef = A3CDB1D421C05B78009D7994 /* FrameAdvancer.swift */; };
		A3CDB1E121C05B78009D7994 /* ParticlesView.swift in Sources */ = {isa = PBXBuildFile; fileRef = A3CDB1D521C05B78009D7994 /* ParticlesView.swift */; };
		A3CDB1E221C05B78009D7994 /* ParticleGenerator.swift in Sources */ = {isa = PBXBuildFile; fileRef = A3CDB1D621C05B78009D7994 /* ParticleGenerator.swift */; };
		A3CDB1E321C05B78009D7994 /* DistanceResolver.swift in Sources */ = {isa = PBXBuildFile; fileRef = A3CDB1D821C05B78009D7994 /* DistanceResolver.swift */; };
		A3CDB1E421C05B78009D7994 /* ParticleColorResolver.swift in Sources */ = {isa = PBXBuildFile; fileRef = A3CDB1D921C05B78009D7994 /* ParticleColorResolver.swift */; };
		A3CDB1E521C05B78009D7994 /* LineColorResolver.swift in Sources */ = {isa = PBXBuildFile; fileRef = A3CDB1DA21C05B78009D7994 /* LineColorResolver.swift */; };
		A3CDB1E621C05B78009D7994 /* ParticlesTimer.swift in Sources */ = {isa = PBXBuildFile; fileRef = A3CDB1DB21C05B78009D7994 /* ParticlesTimer.swift */; };
		A3CDB1E721C05B78009D7994 /* ParticlesViewConfiguration.swift in Sources */ = {isa = PBXBuildFile; fileRef = A3CDB1DC21C05B78009D7994 /* ParticlesViewConfiguration.swift */; };
		A3CDB1E821C05B78009D7994 /* DefaultConfiguration.swift in Sources */ = {isa = PBXBuildFile; fileRef = A3CDB1DD21C05B78009D7994 /* DefaultConfiguration.swift */; };
/* End PBXBuildFile section */

/* Begin PBXFileReference section */
		A3CDB1BA21C05B2A009D7994 /* ParticlesViewApp.app */ = {isa = PBXFileReference; explicitFileType = wrapper.application; includeInIndex = 0; path = ParticlesViewApp.app; sourceTree = BUILT_PRODUCTS_DIR; };
		A3CDB1BD21C05B2A009D7994 /* AppDelegate.swift */ = {isa = PBXFileReference; lastKnownFileType = sourcecode.swift; path = AppDelegate.swift; sourceTree = "<group>"; };
		A3CDB1BF21C05B2A009D7994 /* ViewController.swift */ = {isa = PBXFileReference; lastKnownFileType = sourcecode.swift; path = ViewController.swift; sourceTree = "<group>"; };
		A3CDB1C221C05B2A009D7994 /* Base */ = {isa = PBXFileReference; lastKnownFileType = file.storyboard; name = Base; path = Base.lproj/Main.storyboard; sourceTree = "<group>"; };
		A3CDB1C421C05B2B009D7994 /* Assets.xcassets */ = {isa = PBXFileReference; lastKnownFileType = folder.assetcatalog; path = Assets.xcassets; sourceTree = "<group>"; };
		A3CDB1C721C05B2B009D7994 /* Base */ = {isa = PBXFileReference; lastKnownFileType = file.storyboard; name = Base; path = Base.lproj/LaunchScreen.storyboard; sourceTree = "<group>"; };
		A3CDB1C921C05B2B009D7994 /* Info.plist */ = {isa = PBXFileReference; lastKnownFileType = text.plist.xml; path = Info.plist; sourceTree = "<group>"; };
		A3CDB1D221C05B78009D7994 /* Scene.swift */ = {isa = PBXFileReference; fileEncoding = 4; lastKnownFileType = sourcecode.swift; path = Scene.swift; sourceTree = "<group>"; };
		A3CDB1D321C05B78009D7994 /* Engine.swift */ = {isa = PBXFileReference; fileEncoding = 4; lastKnownFileType = sourcecode.swift; path = Engine.swift; sourceTree = "<group>"; };
		A3CDB1D421C05B78009D7994 /* FrameAdvancer.swift */ = {isa = PBXFileReference; fileEncoding = 4; lastKnownFileType = sourcecode.swift; path = FrameAdvancer.swift; sourceTree = "<group>"; };
		A3CDB1D521C05B78009D7994 /* ParticlesView.swift */ = {isa = PBXFileReference; fileEncoding = 4; lastKnownFileType = sourcecode.swift; path = ParticlesView.swift; sourceTree = "<group>"; };
		A3CDB1D621C05B78009D7994 /* ParticleGenerator.swift */ = {isa = PBXFileReference; fileEncoding = 4; lastKnownFileType = sourcecode.swift; path = ParticleGenerator.swift; sourceTree = "<group>"; };
		A3CDB1D821C05B78009D7994 /* DistanceResolver.swift */ = {isa = PBXFileReference; fileEncoding = 4; lastKnownFileType = sourcecode.swift; path = DistanceResolver.swift; sourceTree = "<group>"; };
		A3CDB1D921C05B78009D7994 /* ParticleColorResolver.swift */ = {isa = PBXFileReference; fileEncoding = 4; lastKnownFileType = sourcecode.swift; path = ParticleColorResolver.swift; sourceTree = "<group>"; };
		A3CDB1DA21C05B78009D7994 /* LineColorResolver.swift */ = {isa = PBXFileReference; fileEncoding = 4; lastKnownFileType = sourcecode.swift; path = LineColorResolver.swift; sourceTree = "<group>"; };
		A3CDB1DB21C05B78009D7994 /* ParticlesTimer.swift */ = {isa = PBXFileReference; fileEncoding = 4; lastKnownFileType = sourcecode.swift; path = ParticlesTimer.swift; sourceTree = "<group>"; };
		A3CDB1DC21C05B78009D7994 /* ParticlesViewConfiguration.swift */ = {isa = PBXFileReference; fileEncoding = 4; lastKnownFileType = sourcecode.swift; path = ParticlesViewConfiguration.swift; sourceTree = "<group>"; };
		A3CDB1DD21C05B78009D7994 /* DefaultConfiguration.swift */ = {isa = PBXFileReference; fileEncoding = 4; lastKnownFileType = sourcecode.swift; path = DefaultConfiguration.swift; sourceTree = "<group>"; };
/* End PBXFileReference section */

/* Begin PBXFrameworksBuildPhase section */
		A3CDB1B721C05B2A009D7994 /* Frameworks */ = {
			isa = PBXFrameworksBuildPhase;
			buildActionMask = 2147483647;
			files = (
			);
			runOnlyForDeploymentPostprocessing = 0;
		};
/* End PBXFrameworksBuildPhase section */

/* Begin PBXGroup section */
		A3AE933B21E2626A00E47B13 /* ParticlesView */ = {
			isa = PBXGroup;
			children = (
				A3CDB1E921C05E26009D7994 /* Configuration */,
				A3CDB1D721C05B78009D7994 /* Resolvers */,
				A3CDB1D221C05B78009D7994 /* Scene.swift */,
				A3CDB1D321C05B78009D7994 /* Engine.swift */,
				A3CDB1D421C05B78009D7994 /* FrameAdvancer.swift */,
				A3CDB1D521C05B78009D7994 /* ParticlesView.swift */,
				A3CDB1D621C05B78009D7994 /* ParticleGenerator.swift */,
				A3CDB1DB21C05B78009D7994 /* ParticlesTimer.swift */,
			);
			path = ParticlesView;
			sourceTree = "<group>";
		};
		A3CDB1B121C05B2A009D7994 = {
			isa = PBXGroup;
			children = (
				A3CDB1BC21C05B2A009D7994 /* ParticlesViewApp */,
				A3CDB1BB21C05B2A009D7994 /* Products */,
			);
			sourceTree = "<group>";
		};
		A3CDB1BB21C05B2A009D7994 /* Products */ = {
			isa = PBXGroup;
			children = (
				A3CDB1BA21C05B2A009D7994 /* ParticlesViewApp.app */,
			);
			name = Products;
			sourceTree = "<group>";
		};
		A3CDB1BC21C05B2A009D7994 /* ParticlesViewApp */ = {
			isa = PBXGroup;
			children = (
				A3CDB1D121C05B78009D7994 /* Source */,
				A3CDB1BD21C05B2A009D7994 /* AppDelegate.swift */,
				A3CDB1BF21C05B2A009D7994 /* ViewController.swift */,
				A3CDB1C121C05B2A009D7994 /* Main.storyboard */,
				A3CDB1C421C05B2B009D7994 /* Assets.xcassets */,
				A3CDB1C621C05B2B009D7994 /* LaunchScreen.storyboard */,
				A3CDB1C921C05B2B009D7994 /* Info.plist */,
			);
			path = ParticlesViewApp;
			sourceTree = "<group>";
		};
		A3CDB1D121C05B78009D7994 /* Source */ = {
			isa = PBXGroup;
			children = (
				A3AE933B21E2626A00E47B13 /* ParticlesView */,
			);
			path = Source;
			sourceTree = "<group>";
		};
		A3CDB1D721C05B78009D7994 /* Resolvers */ = {
			isa = PBXGroup;
			children = (
				A3CDB1D821C05B78009D7994 /* DistanceResolver.swift */,
				A3CDB1D921C05B78009D7994 /* ParticleColorResolver.swift */,
				A3CDB1DA21C05B78009D7994 /* LineColorResolver.swift */,
			);
			path = Resolvers;
			sourceTree = "<group>";
		};
		A3CDB1E921C05E26009D7994 /* Configuration */ = {
			isa = PBXGroup;
			children = (
				A3CDB1DD21C05B78009D7994 /* DefaultConfiguration.swift */,
				A3CDB1DC21C05B78009D7994 /* ParticlesViewConfiguration.swift */,
			);
			path = Configuration;
			sourceTree = "<group>";
		};
/* End PBXGroup section */

/* Begin PBXNativeTarget section */
		A3CDB1B921C05B2A009D7994 /* ParticlesViewApp */ = {
			isa = PBXNativeTarget;
			buildConfigurationList = A3CDB1CC21C05B2B009D7994 /* Build configuration list for PBXNativeTarget "ParticlesViewApp" */;
			buildPhases = (
				A3CDB1B621C05B2A009D7994 /* Sources */,
				A3CDB1B721C05B2A009D7994 /* Frameworks */,
				A3CDB1B821C05B2A009D7994 /* Resources */,
			);
			buildRules = (
			);
			dependencies = (
			);
			name = ParticlesViewApp;
			productName = ParticlesViewApp;
			productReference = A3CDB1BA21C05B2A009D7994 /* ParticlesViewApp.app */;
			productType = "com.apple.product-type.application";
		};
/* End PBXNativeTarget section */

/* Begin PBXProject section */
		A3CDB1B221C05B2A009D7994 /* Project object */ = {
			isa = PBXProject;
			attributes = {
				LastSwiftUpdateCheck = 1010;
				LastUpgradeCheck = 1010;
				ORGANIZATIONNAME = Dluzhnevsky;
				TargetAttributes = {
					A3CDB1B921C05B2A009D7994 = {
						CreatedOnToolsVersion = 10.1;
					};
				};
			};
			buildConfigurationList = A3CDB1B521C05B2A009D7994 /* Build configuration list for PBXProject "ParticlesViewApp" */;
			compatibilityVersion = "Xcode 9.3";
			developmentRegion = en;
			hasScannedForEncodings = 0;
			knownRegions = (
				en,
				Base,
			);
			mainGroup = A3CDB1B121C05B2A009D7994;
			productRefGroup = A3CDB1BB21C05B2A009D7994 /* Products */;
			projectDirPath = "";
			projectRoot = "";
			targets = (
				A3CDB1B921C05B2A009D7994 /* ParticlesViewApp */,
			);
		};
/* End PBXProject section */

/* Begin PBXResourcesBuildPhase section */
		A3CDB1B821C05B2A009D7994 /* Resources */ = {
			isa = PBXResourcesBuildPhase;
			buildActionMask = 2147483647;
			files = (
				A3CDB1C821C05B2B009D7994 /* LaunchScreen.storyboard in Resources */,
				A3CDB1C521C05B2B009D7994 /* Assets.xcassets in Resources */,
				A3CDB1C321C05B2A009D7994 /* Main.storyboard in Resources */,
			);
			runOnlyForDeploymentPostprocessing = 0;
		};
/* End PBXResourcesBuildPhase section */

/* Begin PBXSourcesBuildPhase section */
		A3CDB1B621C05B2A009D7994 /* Sources */ = {
			isa = PBXSourcesBuildPhase;
			buildActionMask = 2147483647;
			files = (
				A3CDB1E421C05B78009D7994 /* ParticleColorResolver.swift in Sources */,
				A3CDB1E821C05B78009D7994 /* DefaultConfiguration.swift in Sources */,
				A3CDB1C021C05B2A009D7994 /* ViewController.swift in Sources */,
				A3CDB1E721C05B78009D7994 /* ParticlesViewConfiguration.swift in Sources */,
				A3CDB1DF21C05B78009D7994 /* Engine.swift in Sources */,
				A3CDB1E121C05B78009D7994 /* ParticlesView.swift in Sources */,
				A3CDB1BE21C05B2A009D7994 /* AppDelegate.swift in Sources */,
				A3CDB1E521C05B78009D7994 /* LineColorResolver.swift in Sources */,
				A3CDB1E221C05B78009D7994 /* ParticleGenerator.swift in Sources */,
				A3CDB1E021C05B78009D7994 /* FrameAdvancer.swift in Sources */,
				A3CDB1E321C05B78009D7994 /* DistanceResolver.swift in Sources */,
				A3CDB1DE21C05B78009D7994 /* Scene.swift in Sources */,
				A3CDB1E621C05B78009D7994 /* ParticlesTimer.swift in Sources */,
			);
			runOnlyForDeploymentPostprocessing = 0;
		};
/* End PBXSourcesBuildPhase section */

/* Begin PBXVariantGroup section */
		A3CDB1C121C05B2A009D7994 /* Main.storyboard */ = {
			isa = PBXVariantGroup;
			children = (
				A3CDB1C221C05B2A009D7994 /* Base */,
			);
			name = Main.storyboard;
			sourceTree = "<group>";
		};
		A3CDB1C621C05B2B009D7994 /* LaunchScreen.storyboard */ = {
			isa = PBXVariantGroup;
			children = (
				A3CDB1C721C05B2B009D7994 /* Base */,
			);
			name = LaunchScreen.storyboard;
			sourceTree = "<group>";
		};
/* End PBXVariantGroup section */

/* Begin XCBuildConfiguration section */
		A3CDB1CA21C05B2B009D7994 /* Debug */ = {
			isa = XCBuildConfiguration;
			buildSettings = {
				ALWAYS_SEARCH_USER_PATHS = NO;
				CLANG_ANALYZER_NONNULL = YES;
				CLANG_ANALYZER_NUMBER_OBJECT_CONVERSION = YES_AGGRESSIVE;
				CLANG_CXX_LANGUAGE_STANDARD = "gnu++14";
				CLANG_CXX_LIBRARY = "libc++";
				CLANG_ENABLE_MODULES = YES;
				CLANG_ENABLE_OBJC_ARC = YES;
				CLANG_ENABLE_OBJC_WEAK = YES;
				CLANG_WARN_BLOCK_CAPTURE_AUTORELEASING = YES;
				CLANG_WARN_BOOL_CONVERSION = YES;
				CLANG_WARN_COMMA = YES;
				CLANG_WARN_CONSTANT_CONVERSION = YES;
				CLANG_WARN_DEPRECATED_OBJC_IMPLEMENTATIONS = YES;
				CLANG_WARN_DIRECT_OBJC_ISA_USAGE = YES_ERROR;
				CLANG_WARN_DOCUMENTATION_COMMENTS = YES;
				CLANG_WARN_EMPTY_BODY = YES;
				CLANG_WARN_ENUM_CONVERSION = YES;
				CLANG_WARN_INFINITE_RECURSION = YES;
				CLANG_WARN_INT_CONVERSION = YES;
				CLANG_WARN_NON_LITERAL_NULL_CONVERSION = YES;
				CLANG_WARN_OBJC_IMPLICIT_RETAIN_SELF = YES;
				CLANG_WARN_OBJC_LITERAL_CONVERSION = YES;
				CLANG_WARN_OBJC_ROOT_CLASS = YES_ERROR;
				CLANG_WARN_RANGE_LOOP_ANALYSIS = YES;
				CLANG_WARN_STRICT_PROTOTYPES = YES;
				CLANG_WARN_SUSPICIOUS_MOVE = YES;
				CLANG_WARN_UNGUARDED_AVAILABILITY = YES_AGGRESSIVE;
				CLANG_WARN_UNREACHABLE_CODE = YES;
				CLANG_WARN__DUPLICATE_METHOD_MATCH = YES;
				CODE_SIGN_IDENTITY = "iPhone Developer";
				COPY_PHASE_STRIP = NO;
				DEBUG_INFORMATION_FORMAT = dwarf;
				ENABLE_STRICT_OBJC_MSGSEND = YES;
				ENABLE_TESTABILITY = YES;
				GCC_C_LANGUAGE_STANDARD = gnu11;
				GCC_DYNAMIC_NO_PIC = NO;
				GCC_NO_COMMON_BLOCKS = YES;
				GCC_OPTIMIZATION_LEVEL = 0;
				GCC_PREPROCESSOR_DEFINITIONS = (
					"DEBUG=1",
					"$(inherited)",
				);
				GCC_WARN_64_TO_32_BIT_CONVERSION = YES;
				GCC_WARN_ABOUT_RETURN_TYPE = YES_ERROR;
				GCC_WARN_UNDECLARED_SELECTOR = YES;
				GCC_WARN_UNINITIALIZED_AUTOS = YES_AGGRESSIVE;
				GCC_WARN_UNUSED_FUNCTION = YES;
				GCC_WARN_UNUSED_VARIABLE = YES;
				IPHONEOS_DEPLOYMENT_TARGET = 12.1;
				MTL_ENABLE_DEBUG_INFO = INCLUDE_SOURCE;
				MTL_FAST_MATH = YES;
				ONLY_ACTIVE_ARCH = YES;
				SDKROOT = iphoneos;
				SWIFT_ACTIVE_COMPILATION_CONDITIONS = DEBUG;
				SWIFT_OPTIMIZATION_LEVEL = "-Onone";
			};
			name = Debug;
		};
		A3CDB1CB21C05B2B009D7994 /* Release */ = {
			isa = XCBuildConfiguration;
			buildSettings = {
				ALWAYS_SEARCH_USER_PATHS = NO;
				CLANG_ANALYZER_NONNULL = YES;
				CLANG_ANALYZER_NUMBER_OBJECT_CONVERSION = YES_AGGRESSIVE;
				CLANG_CXX_LANGUAGE_STANDARD = "gnu++14";
				CLANG_CXX_LIBRARY = "libc++";
				CLANG_ENABLE_MODULES = YES;
				CLANG_ENABLE_OBJC_ARC = YES;
				CLANG_ENABLE_OBJC_WEAK = YES;
				CLANG_WARN_BLOCK_CAPTURE_AUTORELEASING = YES;
				CLANG_WARN_BOOL_CONVERSION = YES;
				CLANG_WARN_COMMA = YES;
				CLANG_WARN_CONSTANT_CONVERSION = YES;
				CLANG_WARN_DEPRECATED_OBJC_IMPLEMENTATIONS = YES;
				CLANG_WARN_DIRECT_OBJC_ISA_USAGE = YES_ERROR;
				CLANG_WARN_DOCUMENTATION_COMMENTS = YES;
				CLANG_WARN_EMPTY_BODY = YES;
				CLANG_WARN_ENUM_CONVERSION = YES;
				CLANG_WARN_INFINITE_RECURSION = YES;
				CLANG_WARN_INT_CONVERSION = YES;
				CLANG_WARN_NON_LITERAL_NULL_CONVERSION = YES;
				CLANG_WARN_OBJC_IMPLICIT_RETAIN_SELF = YES;
				CLANG_WARN_OBJC_LITERAL_CONVERSION = YES;
				CLANG_WARN_OBJC_ROOT_CLASS = YES_ERROR;
				CLANG_WARN_RANGE_LOOP_ANALYSIS = YES;
				CLANG_WARN_STRICT_PROTOTYPES = YES;
				CLANG_WARN_SUSPICIOUS_MOVE = YES;
				CLANG_WARN_UNGUARDED_AVAILABILITY = YES_AGGRESSIVE;
				CLANG_WARN_UNREACHABLE_CODE = YES;
				CLANG_WARN__DUPLICATE_METHOD_MATCH = YES;
				CODE_SIGN_IDENTITY = "iPhone Developer";
				COPY_PHASE_STRIP = NO;
				DEBUG_INFORMATION_FORMAT = "dwarf-with-dsym";
				ENABLE_NS_ASSERTIONS = NO;
				ENABLE_STRICT_OBJC_MSGSEND = YES;
				GCC_C_LANGUAGE_STANDARD = gnu11;
				GCC_NO_COMMON_BLOCKS = YES;
				GCC_WARN_64_TO_32_BIT_CONVERSION = YES;
				GCC_WARN_ABOUT_RETURN_TYPE = YES_ERROR;
				GCC_WARN_UNDECLARED_SELECTOR = YES;
				GCC_WARN_UNINITIALIZED_AUTOS = YES_AGGRESSIVE;
				GCC_WARN_UNUSED_FUNCTION = YES;
				GCC_WARN_UNUSED_VARIABLE = YES;
				IPHONEOS_DEPLOYMENT_TARGET = 12.1;
				MTL_ENABLE_DEBUG_INFO = NO;
				MTL_FAST_MATH = YES;
				SDKROOT = iphoneos;
				SWIFT_COMPILATION_MODE = wholemodule;
				SWIFT_OPTIMIZATION_LEVEL = "-O";
				VALIDATE_PRODUCT = YES;
			};
			name = Release;
		};
		A3CDB1CD21C05B2B009D7994 /* Debug */ = {
			isa = XCBuildConfiguration;
			buildSettings = {
				ASSETCATALOG_COMPILER_APPICON_NAME = AppIcon;
				CODE_SIGN_STYLE = Automatic;
				DEVELOPMENT_TEAM = TA3465WE8L;
				INFOPLIST_FILE = ParticlesViewApp/Info.plist;
				IPHONEOS_DEPLOYMENT_TARGET = 10.0;
				LD_RUNPATH_SEARCH_PATHS = (
					"$(inherited)",
					"@executable_path/Frameworks",
				);
				PRODUCT_BUNDLE_IDENTIFIER = com.dluzhnevsky.ParticlesViewApp;
				PRODUCT_NAME = "$(TARGET_NAME)";
				SWIFT_VERSION = 4.2;
				TARGETED_DEVICE_FAMILY = "1,2";
			};
			name = Debug;
		};
		A3CDB1CE21C05B2B009D7994 /* Release */ = {
			isa = XCBuildConfiguration;
			buildSettings = {
				ASSETCATALOG_COMPILER_APPICON_NAME = AppIcon;
				CODE_SIGN_STYLE = Automatic;
				DEVELOPMENT_TEAM = TA3465WE8L;
				INFOPLIST_FILE = ParticlesViewApp/Info.plist;
				IPHONEOS_DEPLOYMENT_TARGET = 10.0;
				LD_RUNPATH_SEARCH_PATHS = (
					"$(inherited)",
					"@executable_path/Frameworks",
				);
				PRODUCT_BUNDLE_IDENTIFIER = com.dluzhnevsky.ParticlesViewApp;
				PRODUCT_NAME = "$(TARGET_NAME)";
				SWIFT_VERSION = 4.2;
				TARGETED_DEVICE_FAMILY = "1,2";
			};
			name = Release;
		};
/* End XCBuildConfiguration section */

/* Begin XCConfigurationList section */
		A3CDB1B521C05B2A009D7994 /* Build configuration list for PBXProject "ParticlesViewApp" */ = {
			isa = XCConfigurationList;
			buildConfigurations = (
				A3CDB1CA21C05B2B009D7994 /* Debug */,
				A3CDB1CB21C05B2B009D7994 /* Release */,
			);
			defaultConfigurationIsVisible = 0;
			defaultConfigurationName = Release;
		};
		A3CDB1CC21C05B2B009D7994 /* Build configuration list for PBXNativeTarget "ParticlesViewApp" */ = {
			isa = XCConfigurationList;
			buildConfigurations = (
				A3CDB1CD21C05B2B009D7994 /* Debug */,
				A3CDB1CE21C05B2B009D7994 /* Release */,
			);
			defaultConfigurationIsVisible = 0;
			defaultConfigurationName = Release;
		};
/* End XCConfigurationList section */
	};
	rootObject = A3CDB1B221C05B2A009D7994 /* Project object */;
}
